
Microsoft Visual Studio Solution File, Format Version 12.00
# Visual Studio Version 17
VisualStudioVersion = 17.5.002.0
MinimumVisualStudioVersion = 10.0.40219.1
Project("{9A19103F-16F7-4668-BE54-9A1E7A4F7556}") = "DOTNET_GAMESTORE", "DOTNET_GAMESTORE\DOTNET_GAMESTORE.csproj", "{D0D29144-4484-4C63-9375-00F33D90C891}"
EndProject
Global
	GlobalSection(SolutionConfigurationPlatforms) = preSolution
		Debug|Any CPU = Debug|Any CPU
		Release|Any CPU = Release|Any CPU
	EndGlobalSection
	GlobalSection(ProjectConfigurationPlatforms) = postSolution
		{D0D29144-4484-4C63-9375-00F33D90C891}.Debug|Any CPU.ActiveCfg = Debug|Any CPU
		{D0D29144-4484-4C63-9375-00F33D90C891}.Debug|Any CPU.Build.0 = Debug|Any CPU
		{D0D29144-4484-4C63-9375-00F33D90C891}.Release|Any CPU.ActiveCfg = Release|Any CPU
		{D0D29144-4484-4C63-9375-00F33D90C891}.Release|Any CPU.Build.0 = Release|Any CPU
	EndGlobalSection
	GlobalSection(SolutionProperties) = preSolution
		HideSolutionNode = FALSE
	EndGlobalSection
	GlobalSection(ExtensibilityGlobals) = postSolution
		SolutionGuid = {8AA53F1B-BCB6-4F3E-8996-65234F4C5B27}
	EndGlobalSection
EndGlobal
